<?xml version="1.0" encoding="utf-8"?>
<Project ToolsVersion="4.0" xmlns="http://schemas.microsoft.com/developer/msbuild/2003">
  <ItemGroup>
    <ClCompile Include="BurgerEngineDemo\main.cpp">
      <Filter>BurgerEngineDemo</Filter>
    </ClCompile>
    <ClCompile Include="BurgerEngine\Graphics\AbstractPostEffect.cpp">
      <Filter>BurgerEngine\Graphics\Effect</Filter>
    </ClCompile>
    <ClCompile Include="BurgerEngine\Core\AbstractStage.cpp">
      <Filter>BurgerEngine\Core\Stage</Filter>
    </ClCompile>
    <ClCompile Include="BurgerEngine\Core\StageManager.cpp">
      <Filter>BurgerEngine\Core\Stage</Filter>
    </ClCompile>
    <ClCompile Include="BurgerEngine\Input\EventManager.cpp">
      <Filter>BurgerEngine\Input</Filter>
    </ClCompile>
    <ClCompile Include="BurgerEngine\Core\Engine.cpp">
      <Filter>BurgerEngine\Core\Engine</Filter>
    </ClCompile>
    <ClCompile Include="BurgerEngine\Input\SFMLInputManager.cpp">
      <Filter>BurgerEngine\Input</Filter>
    </ClCompile>
    <ClCompile Include="BurgerEngine\Graphics\Window.cpp">
      <Filter>BurgerEngine\Graphics\Window</Filter>
    </ClCompile>
    <ClCompile Include="BurgerEngine\Base\Functor.cpp">
      <Filter>BurgerEngine\Base</Filter>
    </ClCompile>
    <ClCompile Include="BurgerEngineDemo\StageTestInput.cpp">
      <Filter>BurgerEngineDemo\Scenes</Filter>
    </ClCompile>
    <ClCompile Include="BurgerEngine\Graphics\OpenGlContext.cpp">
      <Filter>BurgerEngine\Graphics\Renderer</Filter>
    </ClCompile>
    <ClCompile Include="BurgerEngine\Core\AbstractCamera.cpp">
      <Filter>BurgerEngine\Core\Camera</Filter>
    </ClCompile>
    <ClCompile Include="BurgerEngine\Graphics\StaticMesh.cpp">
      <Filter>BurgerEngine\Graphics\Mesh</Filter>
    </ClCompile>
    <ClCompile Include="BurgerEngine\Graphics\AbstractMesh.cpp">
      <Filter>BurgerEngine\Graphics\Mesh</Filter>
    </ClCompile>
    <ClCompile Include="BurgerEngine\Graphics\DebugDraw.cpp">
      <Filter>BurgerEngine\Graphics</Filter>
    </ClCompile>
    <ClCompile Include="BurgerEngine\Core\CameraFps.cpp">
      <Filter>BurgerEngine\Core\Camera</Filter>
    </ClCompile>
  </ItemGroup>
  <ItemGroup>
    <ClInclude Include="BurgerEngine\Graphics\AbstractPostEffect.h">
      <Filter>BurgerEngine\Graphics\Effect</Filter>
    </ClInclude>
    <ClInclude Include="BurgerEngine\Base\Singleton.h">
      <Filter>BurgerEngine\Base</Filter>
    </ClInclude>
    <ClInclude Include="BurgerEngine\Core\AbstractStage.h">
      <Filter>BurgerEngine\Core\Stage</Filter>
    </ClInclude>
    <ClInclude Include="BurgerEngine\Core\StageManager.h">
      <Filter>BurgerEngine\Core\Stage</Filter>
    </ClInclude>
    <ClInclude Include="BurgerEngine\Input\EventManager.h">
      <Filter>BurgerEngine\Input</Filter>
    </ClInclude>
    <ClInclude Include="BurgerEngine\Core\Engine.h">
      <Filter>BurgerEngine\Core\Engine</Filter>
    </ClInclude>
    <ClInclude Include="BurgerEngine\Input\SFMLInputManager.h">
      <Filter>BurgerEngine\Input</Filter>
    </ClInclude>
    <ClInclude Include="BurgerEngine\Graphics\Window.h">
      <Filter>BurgerEngine\Graphics\Window</Filter>
    </ClInclude>
    <ClInclude Include="BurgerEngine\Base\Functor.h">
      <Filter>BurgerEngine\Base</Filter>
    </ClInclude>
    <ClInclude Include="BurgerEngine\Base\CommonBase.h">
      <Filter>BurgerEngine\Base</Filter>
    </ClInclude>
    <ClInclude Include="BurgerEngineDemo\StageTestInput.h">
      <Filter>BurgerEngineDemo\Scenes</Filter>
    </ClInclude>
    <ClInclude Include="BurgerEngine\Graphics\OpenGlContext.h">
      <Filter>BurgerEngine\Graphics\Renderer</Filter>
    </ClInclude>
    <ClInclude Include="BurgerEngine\Graphics\CommonGraphics.h">
      <Filter>BurgerEngine\Graphics</Filter>
    </ClInclude>
    <ClInclude Include="BurgerEngine\Core\AbstractCamera.h">
      <Filter>BurgerEngine\Core\Camera</Filter>
    </ClInclude>
    <ClInclude Include="BurgerEngine\Graphics\StaticMesh.h">
      <Filter>BurgerEngine\Graphics\Mesh</Filter>
    </ClInclude>
    <ClInclude Include="BurgerEngine\Graphics\AbstractMesh.h">
      <Filter>BurgerEngine\Graphics\Mesh</Filter>
    </ClInclude>
    <ClInclude Include="BurgerEngine\Graphics\DebugDraw.h">
      <Filter>BurgerEngine\Graphics</Filter>
    </ClInclude>
    <ClInclude Include="BurgerEngine\Core\CameraFps.h">
      <Filter>BurgerEngine\Core\Camera</Filter>
    </ClInclude>
  </ItemGroup>
  <ItemGroup>
    <Filter Include="BurgerEngine">
      <UniqueIdentifier>{2d90855c-ae34-4647-a255-d725f699de00}</UniqueIdentifier>
    </Filter>
    <Filter Include="BurgerEngineDemo">
      <UniqueIdentifier>{90914403-df18-4bf8-86c8-512db48034d4}</UniqueIdentifier>
    </Filter>
    <Filter Include="BurgerEngine\Audio">
      <UniqueIdentifier>{675214bd-936b-4ca6-9472-854df083cc12}</UniqueIdentifier>
    </Filter>
    <Filter Include="BurgerEngine\Base">
      <UniqueIdentifier>{9d24e5d7-ab3b-401d-bddd-409029286df0}</UniqueIdentifier>
    </Filter>
    <Filter Include="BurgerEngine\Core">
      <UniqueIdentifier>{a536a839-3138-45d4-8d70-3ee5d9b335fc}</UniqueIdentifier>
    </Filter>
    <Filter Include="BurgerEngine\Core\Stage">
      <UniqueIdentifier>{db648c98-ec6c-4d3a-b97b-233a106981ed}</UniqueIdentifier>
    </Filter>
    <Filter Include="BurgerEngine\Input">
      <UniqueIdentifier>{2e793411-a89d-46dd-afa9-f7348e5c2a5f}</UniqueIdentifier>
    </Filter>
    <Filter Include="BurgerEngine\Core\Engine">
      <UniqueIdentifier>{7eff81d9-ba4b-4419-850d-d6918bfebb6e}</UniqueIdentifier>
    </Filter>
    <Filter Include="BurgerEngine\Graphics">
      <UniqueIdentifier>{9fcbf532-0335-4b26-b3f5-88c1bddc2713}</UniqueIdentifier>
    </Filter>
    <Filter Include="BurgerEngine\Graphics\Effect">
      <UniqueIdentifier>{27d39a3f-d9c2-4c9d-b65d-e9373e7ea76b}</UniqueIdentifier>
    </Filter>
    <Filter Include="BurgerEngine\Graphics\Window">
      <UniqueIdentifier>{68a26023-0222-438a-94fe-446e75cd9576}</UniqueIdentifier>
    </Filter>
    <Filter Include="BurgerEngineDemo\Scenes">
      <UniqueIdentifier>{ee94bbe9-2c6a-437c-a87e-6ce70e54c0fb}</UniqueIdentifier>
    </Filter>
    <Filter Include="BurgerEngine\Graphics\Renderer">
      <UniqueIdentifier>{0b60af32-c166-40cd-8881-c205822d5bd7}</UniqueIdentifier>
    </Filter>
    <Filter Include="BurgerEngine\Core\Camera">
      <UniqueIdentifier>{1f42ef5b-3d5a-4e39-a698-2a690a138f34}</UniqueIdentifier>
    </Filter>
    <Filter Include="BurgerEngine\Graphics\Mesh">
      <UniqueIdentifier>{36ed5507-bf66-4110-85b6-db531fefce4e}</UniqueIdentifier>
    </Filter>
  </ItemGroup>
</Project>