<?xml version="1.0" encoding="utf-8"?>
<Project ToolsVersion="4.0" xmlns="http://schemas.microsoft.com/developer/msbuild/2003">
  <ItemGroup>
    <ClCompile Include="BurgerEngineDemo\main.cpp">
      <Filter>BurgerEngineDemo</Filter>
    </ClCompile>
    <ClCompile Include="BurgerEngine\Graphics\AbstractPostEffect.cpp">
      <Filter>BurgerEngine\Graphics\Effect</Filter>
    </ClCompile>
    <ClCompile Include="BurgerEngine\Core\AbstractStage.cpp">
      <Filter>BurgerEngine\Core\Stage</Filter>
    </ClCompile>
    <ClCompile Include="BurgerEngine\Core\StageManager.cpp">
      <Filter>BurgerEngine\Core\Stage</Filter>
    </ClCompile>
    <ClCompile Include="BurgerEngine\Input\EventManager.cpp">
      <Filter>BurgerEngine\Input</Filter>
    </ClCompile>
    <ClCompile Include="BurgerEngine\Core\Engine.cpp">
      <Filter>BurgerEngine\Core\Engine</Filter>
    </ClCompile>
    <ClCompile Include="BurgerEngine\Input\SFMLInputManager.cpp">
      <Filter>BurgerEngine\Input</Filter>
    </ClCompile>
    <ClCompile Include="BurgerEngine\Graphics\Window.cpp">
      <Filter>BurgerEngine\Graphics\Window</Filter>
    </ClCompile>
    <ClCompile Include="BurgerEngine\Base\Functor.cpp">
      <Filter>BurgerEngine\Base</Filter>
    </ClCompile>
    <ClCompile Include="BurgerEngineDemo\StageTestInput.cpp">
      <Filter>BurgerEngineDemo\Scenes</Filter>
    </ClCompile>
    <ClCompile Include="BurgerEngine\Graphics\OpenGlContext.cpp">
      <Filter>BurgerEngine\Graphics\Renderer</Filter>
    </ClCompile>
    <ClCompile Include="BurgerEngine\Core\AbstractCamera.cpp">
      <Filter>BurgerEngine\Core\Camera</Filter>
    </ClCompile>
    <ClCompile Include="BurgerEngine\Graphics\StaticMesh.cpp">
      <Filter>BurgerEngine\Graphics\Mesh</Filter>
    </ClCompile>
    <ClCompile Include="BurgerEngine\Graphics\AbstractMesh.cpp">
      <Filter>BurgerEngine\Graphics\Mesh</Filter>
    </ClCompile>
    <ClCompile Include="BurgerEngine\Graphics\DebugDraw.cpp">
      <Filter>BurgerEngine\Graphics</Filter>
    </ClCompile>
    <ClCompile Include="BurgerEngine\Core\CameraFps.cpp">
      <Filter>BurgerEngine\Core\Camera</Filter>
    </ClCompile>
    <ClCompile Include="BurgerEngine\Core\StageMain3DScene.cpp">
      <Filter>BurgerEngine\Core\Stage</Filter>
    </ClCompile>
    <ClCompile Include="BurgerEngine\Graphics\FBO.cpp">
      <Filter>BurgerEngine\Graphics\FBO</Filter>
    </ClCompile>
    <ClCompile Include="BurgerEngine\Graphics\SceneMesh.cpp">
      <Filter>BurgerEngine\Graphics\SceneObjects</Filter>
    </ClCompile>
    <ClCompile Include="BurgerEngine\Graphics\SceneObject.cpp">
      <Filter>BurgerEngine\Graphics\SceneObjects</Filter>
    </ClCompile>
    <ClCompile Include="BurgerEngine\Graphics\Material.cpp">
      <Filter>BurgerEngine\Graphics\Material</Filter>
    </ClCompile>
    <ClCompile Include="BurgerEngine\Graphics\Shader.cpp">
      <Filter>BurgerEngine\Graphics\Shaders</Filter>
    </ClCompile>
    <ClCompile Include="BurgerEngine\Graphics\ShaderTool.cpp">
      <Filter>BurgerEngine\Graphics\Shaders</Filter>
    </ClCompile>
    <ClCompile Include="BurgerEngine\Graphics\Texture2D.cpp">
      <Filter>BurgerEngine\Graphics\Textures</Filter>
    </ClCompile>
    <ClCompile Include="BurgerEngine\Graphics\AbstractTexture.cpp">
      <Filter>BurgerEngine\Graphics\Textures</Filter>
    </ClCompile>
    <ClCompile Include="BurgerEngine\Graphics\ImageTool.cpp">
      <Filter>BurgerEngine\Graphics\Images</Filter>
    </ClCompile>
    <ClCompile Include="BurgerEngine\Graphics\ShaderManager.cpp">
      <Filter>BurgerEngine\Graphics\Shaders</Filter>
    </ClCompile>
    <ClCompile Include="BurgerEngine\Graphics\TextureManager.cpp">
      <Filter>BurgerEngine\Graphics\Textures</Filter>
    </ClCompile>
    <ClCompile Include="BurgerEngine\Graphics\TextureCubeMap.cpp">
      <Filter>BurgerEngine\Graphics\Textures</Filter>
    </ClCompile>
    <ClCompile Include="BurgerEngine\External\TinyXml\tinyxmlparser.cpp">
      <Filter>BurgerEngine\External\TinyXML</Filter>
    </ClCompile>
    <ClCompile Include="BurgerEngine\External\TinyXml\tinystr.cpp">
      <Filter>BurgerEngine\External\TinyXML</Filter>
    </ClCompile>
    <ClCompile Include="BurgerEngine\External\TinyXml\tinyxml.cpp">
      <Filter>BurgerEngine\External\TinyXML</Filter>
    </ClCompile>
    <ClCompile Include="BurgerEngine\External\TinyXml\tinyxmlerror.cpp">
      <Filter>BurgerEngine\External\TinyXML</Filter>
    </ClCompile>
    <ClCompile Include="BurgerEngine\Graphics\SceneLight.cpp">
      <Filter>BurgerEngine\Graphics\SceneObjects</Filter>
    </ClCompile>
    <ClCompile Include="BurgerEngine\Graphics\MeshManager.cpp">
      <Filter>BurgerEngine\Graphics\Mesh</Filter>
    </ClCompile>
    <ClCompile Include="BurgerEngine\Graphics\DeferredRenderer.cpp">
      <Filter>BurgerEngine\Graphics\Renderer</Filter>
    </ClCompile>
    <ClCompile Include="BurgerEngine\Core\SceneGraph.cpp">
      <Filter>BurgerEngine\Core\SceneGraph</Filter>
    </ClCompile>
    <ClCompile Include="BurgerEngine\External\Math\Vector.cpp">
      <Filter>BurgerEngine\External\Math</Filter>
    </ClCompile>
    <ClCompile Include="BurgerEngine\External\GLFont\glfont.cc">
      <Filter>BurgerEngine\External\GLFont</Filter>
    </ClCompile>
    <ClCompile Include="BurgerEngine\Core\Timer.cpp">
      <Filter>BurgerEngine\Core\Timer</Filter>
    </ClCompile>
    <ClCompile Include="BurgerEngine\Graphics\EffectTechnique.cpp">
      <Filter>BurgerEngine\Graphics\Material</Filter>
    </ClCompile>
    <ClCompile Include="BurgerEngine\Graphics\MaterialManager.cpp">
      <Filter>BurgerEngine\Graphics\Material</Filter>
    </ClCompile>
    <ClCompile Include="BurgerEngine\External\Math\Frustum.cpp">
      <Filter>BurgerEngine\External\Math</Filter>
    </ClCompile>
    <ClCompile Include="BurgerEngine\Graphics\OmniLight.cpp">
      <Filter>BurgerEngine\Graphics\SceneObjects</Filter>
    </ClCompile>
    <ClCompile Include="BurgerEngine\Graphics\SpotLight.cpp">
      <Filter>BurgerEngine\Graphics\SceneObjects</Filter>
    </ClCompile>
    <ClCompile Include="BurgerEngine\Graphics\SpotShadow.cpp">
      <Filter>BurgerEngine\Graphics\SceneObjects</Filter>
    </ClCompile>
  </ItemGroup>
  <ItemGroup>
    <ClInclude Include="BurgerEngine\Graphics\AbstractPostEffect.h">
      <Filter>BurgerEngine\Graphics\Effect</Filter>
    </ClInclude>
    <ClInclude Include="BurgerEngine\Base\Singleton.h">
      <Filter>BurgerEngine\Base</Filter>
    </ClInclude>
    <ClInclude Include="BurgerEngine\Core\AbstractStage.h">
      <Filter>BurgerEngine\Core\Stage</Filter>
    </ClInclude>
    <ClInclude Include="BurgerEngine\Core\StageManager.h">
      <Filter>BurgerEngine\Core\Stage</Filter>
    </ClInclude>
    <ClInclude Include="BurgerEngine\Input\EventManager.h">
      <Filter>BurgerEngine\Input</Filter>
    </ClInclude>
    <ClInclude Include="BurgerEngine\Core\Engine.h">
      <Filter>BurgerEngine\Core\Engine</Filter>
    </ClInclude>
    <ClInclude Include="BurgerEngine\Input\SFMLInputManager.h">
      <Filter>BurgerEngine\Input</Filter>
    </ClInclude>
    <ClInclude Include="BurgerEngine\Graphics\Window.h">
      <Filter>BurgerEngine\Graphics\Window</Filter>
    </ClInclude>
    <ClInclude Include="BurgerEngine\Base\Functor.h">
      <Filter>BurgerEngine\Base</Filter>
    </ClInclude>
    <ClInclude Include="BurgerEngine\Base\CommonBase.h">
      <Filter>BurgerEngine\Base</Filter>
    </ClInclude>
    <ClInclude Include="BurgerEngineDemo\StageTestInput.h">
      <Filter>BurgerEngineDemo\Scenes</Filter>
    </ClInclude>
    <ClInclude Include="BurgerEngine\Graphics\OpenGlContext.h">
      <Filter>BurgerEngine\Graphics\Renderer</Filter>
    </ClInclude>
    <ClInclude Include="BurgerEngine\Graphics\CommonGraphics.h">
      <Filter>BurgerEngine\Graphics</Filter>
    </ClInclude>
    <ClInclude Include="BurgerEngine\Core\AbstractCamera.h">
      <Filter>BurgerEngine\Core\Camera</Filter>
    </ClInclude>
    <ClInclude Include="BurgerEngine\Graphics\StaticMesh.h">
      <Filter>BurgerEngine\Graphics\Mesh</Filter>
    </ClInclude>
    <ClInclude Include="BurgerEngine\Graphics\AbstractMesh.h">
      <Filter>BurgerEngine\Graphics\Mesh</Filter>
    </ClInclude>
    <ClInclude Include="BurgerEngine\Graphics\DebugDraw.h">
      <Filter>BurgerEngine\Graphics</Filter>
    </ClInclude>
    <ClInclude Include="BurgerEngine\Core\CameraFps.h">
      <Filter>BurgerEngine\Core\Camera</Filter>
    </ClInclude>
    <ClInclude Include="BurgerEngine\Core\StageMain3DScene.h">
      <Filter>BurgerEngine\Core\Stage</Filter>
    </ClInclude>
    <ClInclude Include="BurgerEngine\Graphics\FBO.h">
      <Filter>BurgerEngine\Graphics\FBO</Filter>
    </ClInclude>
    <ClInclude Include="BurgerEngine\Graphics\SceneMesh.h">
      <Filter>BurgerEngine\Graphics\SceneObjects</Filter>
    </ClInclude>
    <ClInclude Include="BurgerEngine\Graphics\SceneObject.h">
      <Filter>BurgerEngine\Graphics\SceneObjects</Filter>
    </ClInclude>
    <ClInclude Include="BurgerEngine\Graphics\Material.h">
      <Filter>BurgerEngine\Graphics\Material</Filter>
    </ClInclude>
    <ClInclude Include="BurgerEngine\Graphics\Shader.h">
      <Filter>BurgerEngine\Graphics\Shaders</Filter>
    </ClInclude>
    <ClInclude Include="BurgerEngine\Graphics\ShaderTool.h">
      <Filter>BurgerEngine\Graphics\Shaders</Filter>
    </ClInclude>
    <ClInclude Include="BurgerEngine\Graphics\Texture2D.h">
      <Filter>BurgerEngine\Graphics\Textures</Filter>
    </ClInclude>
    <ClInclude Include="BurgerEngine\Graphics\AbstractTexture.h">
      <Filter>BurgerEngine\Graphics\Textures</Filter>
    </ClInclude>
    <ClInclude Include="BurgerEngine\Graphics\ImageTool.h">
      <Filter>BurgerEngine\Graphics\Images</Filter>
    </ClInclude>
    <ClInclude Include="BurgerEngine\Graphics\ShaderManager.h">
      <Filter>BurgerEngine\Graphics\Shaders</Filter>
    </ClInclude>
    <ClInclude Include="BurgerEngine\Graphics\TextureManager.h">
      <Filter>BurgerEngine\Graphics\Textures</Filter>
    </ClInclude>
    <ClInclude Include="BurgerEngine\Graphics\TextureCubeMap.h">
      <Filter>BurgerEngine\Graphics\Textures</Filter>
    </ClInclude>
    <ClInclude Include="BurgerEngine\External\TinyXml\tinystr.h">
      <Filter>BurgerEngine\External\TinyXML</Filter>
    </ClInclude>
    <ClInclude Include="BurgerEngine\External\TinyXml\tinyxml.h">
      <Filter>BurgerEngine\External\TinyXML</Filter>
    </ClInclude>
    <ClInclude Include="BurgerEngine\Graphics\SceneLight.h">
      <Filter>BurgerEngine\Graphics\SceneObjects</Filter>
    </ClInclude>
    <ClInclude Include="BurgerEngine\Graphics\MeshManager.h">
      <Filter>BurgerEngine\Graphics\Mesh</Filter>
    </ClInclude>
    <ClInclude Include="BurgerEngine\Graphics\DeferredRenderer.h">
      <Filter>BurgerEngine\Graphics\Renderer</Filter>
    </ClInclude>
    <ClInclude Include="BurgerEngine\Core\SceneGraph.h">
      <Filter>BurgerEngine\Core\SceneGraph</Filter>
    </ClInclude>
    <ClInclude Include="BurgerEngine\External\Math\MyMath.h">
      <Filter>BurgerEngine\External\Math</Filter>
    </ClInclude>
    <ClInclude Include="BurgerEngine\External\Math\Vector.h">
      <Filter>BurgerEngine\External\Math</Filter>
    </ClInclude>
    <ClInclude Include="BurgerEngine\External\GLFont\glfont.h">
      <Filter>BurgerEngine\External\GLFont</Filter>
    </ClInclude>
    <ClInclude Include="BurgerEngine\Core\Timer.h">
      <Filter>BurgerEngine\Core\Timer</Filter>
    </ClInclude>
    <ClInclude Include="BurgerEngine\Graphics\EffectTechnique.h">
      <Filter>BurgerEngine\Graphics\Material</Filter>
    </ClInclude>
    <ClInclude Include="BurgerEngine\Graphics\MaterialManager.h">
      <Filter>BurgerEngine\Graphics\Material</Filter>
    </ClInclude>
    <ClInclude Include="BurgerEngine\External\Math\Frustum.h">
      <Filter>BurgerEngine\External\Math</Filter>
    </ClInclude>
    <ClInclude Include="BurgerEngine\Graphics\OmniLight.h">
      <Filter>BurgerEngine\Graphics\SceneObjects</Filter>
    </ClInclude>
    <ClInclude Include="BurgerEngine\Graphics\SpotLight.h">
      <Filter>BurgerEngine\Graphics\SceneObjects</Filter>
    </ClInclude>
    <ClInclude Include="BurgerEngine\Graphics\SpotShadow.h">
      <Filter>BurgerEngine\Graphics\SceneObjects</Filter>
    </ClInclude>
  </ItemGroup>
  <ItemGroup>
    <Filter Include="BurgerEngine">
      <UniqueIdentifier>{2d90855c-ae34-4647-a255-d725f699de00}</UniqueIdentifier>
    </Filter>
    <Filter Include="BurgerEngineDemo">
      <UniqueIdentifier>{90914403-df18-4bf8-86c8-512db48034d4}</UniqueIdentifier>
    </Filter>
    <Filter Include="BurgerEngine\Audio">
      <UniqueIdentifier>{675214bd-936b-4ca6-9472-854df083cc12}</UniqueIdentifier>
    </Filter>
    <Filter Include="BurgerEngine\Base">
      <UniqueIdentifier>{9d24e5d7-ab3b-401d-bddd-409029286df0}</UniqueIdentifier>
    </Filter>
    <Filter Include="BurgerEngine\Core">
      <UniqueIdentifier>{a536a839-3138-45d4-8d70-3ee5d9b335fc}</UniqueIdentifier>
    </Filter>
    <Filter Include="BurgerEngine\Core\Stage">
      <UniqueIdentifier>{db648c98-ec6c-4d3a-b97b-233a106981ed}</UniqueIdentifier>
    </Filter>
    <Filter Include="BurgerEngine\Input">
      <UniqueIdentifier>{2e793411-a89d-46dd-afa9-f7348e5c2a5f}</UniqueIdentifier>
    </Filter>
    <Filter Include="BurgerEngine\Core\Engine">
      <UniqueIdentifier>{7eff81d9-ba4b-4419-850d-d6918bfebb6e}</UniqueIdentifier>
    </Filter>
    <Filter Include="BurgerEngine\Graphics">
      <UniqueIdentifier>{9fcbf532-0335-4b26-b3f5-88c1bddc2713}</UniqueIdentifier>
    </Filter>
    <Filter Include="BurgerEngine\Graphics\Effect">
      <UniqueIdentifier>{27d39a3f-d9c2-4c9d-b65d-e9373e7ea76b}</UniqueIdentifier>
    </Filter>
    <Filter Include="BurgerEngine\Graphics\Window">
      <UniqueIdentifier>{68a26023-0222-438a-94fe-446e75cd9576}</UniqueIdentifier>
    </Filter>
    <Filter Include="BurgerEngineDemo\Scenes">
      <UniqueIdentifier>{ee94bbe9-2c6a-437c-a87e-6ce70e54c0fb}</UniqueIdentifier>
    </Filter>
    <Filter Include="BurgerEngine\Graphics\Renderer">
      <UniqueIdentifier>{0b60af32-c166-40cd-8881-c205822d5bd7}</UniqueIdentifier>
    </Filter>
    <Filter Include="BurgerEngine\Core\Camera">
      <UniqueIdentifier>{1f42ef5b-3d5a-4e39-a698-2a690a138f34}</UniqueIdentifier>
    </Filter>
    <Filter Include="BurgerEngine\Graphics\Mesh">
      <UniqueIdentifier>{36ed5507-bf66-4110-85b6-db531fefce4e}</UniqueIdentifier>
    </Filter>
    <Filter Include="BurgerEngine\Graphics\FBO">
      <UniqueIdentifier>{7f5c2f11-f0fa-4742-a920-aa307ac18aaf}</UniqueIdentifier>
    </Filter>
    <Filter Include="BurgerEngine\Graphics\SceneObjects">
      <UniqueIdentifier>{6ae887d6-fa7c-4a61-9fff-bc55e3adc978}</UniqueIdentifier>
    </Filter>
    <Filter Include="BurgerEngine\Graphics\Material">
      <UniqueIdentifier>{a7d5e49b-bd91-4a84-8906-4596691290bc}</UniqueIdentifier>
    </Filter>
    <Filter Include="BurgerEngine\Graphics\Shaders">
      <UniqueIdentifier>{a24e4822-1da6-46aa-a297-7d4f7e83e959}</UniqueIdentifier>
    </Filter>
    <Filter Include="BurgerEngine\Graphics\Textures">
      <UniqueIdentifier>{daa67d7a-bfef-4629-aaca-3792138613f1}</UniqueIdentifier>
    </Filter>
    <Filter Include="BurgerEngine\Graphics\Images">
      <UniqueIdentifier>{ecb9a7ec-b877-43e4-91b0-a3dffc1f7654}</UniqueIdentifier>
    </Filter>
    <Filter Include="BurgerEngine\External">
      <UniqueIdentifier>{896d5b9a-4ddf-4395-af3e-40567b661aaa}</UniqueIdentifier>
    </Filter>
    <Filter Include="BurgerEngine\External\TinyXML">
      <UniqueIdentifier>{feacfa82-d507-4d7f-8ff1-eb4cf42a10bd}</UniqueIdentifier>
    </Filter>
    <Filter Include="BurgerEngine\Data">
      <UniqueIdentifier>{08cd1581-dcee-445a-a923-3aac47ce3587}</UniqueIdentifier>
    </Filter>
    <Filter Include="BurgerEngine\Data\Shaders">
      <UniqueIdentifier>{109f1770-6919-4c25-95a9-95336260e0a2}</UniqueIdentifier>
    </Filter>
    <Filter Include="BurgerEngine\Core\SceneGraph">
      <UniqueIdentifier>{5083bcc9-c4a8-4a5e-83a1-5273314a570a}</UniqueIdentifier>
    </Filter>
    <Filter Include="BurgerEngine\External\Math">
      <UniqueIdentifier>{f22028c4-6483-43e4-b34e-f8ad21b98628}</UniqueIdentifier>
    </Filter>
    <Filter Include="BurgerEngine\Data\Scenes">
      <UniqueIdentifier>{c217b7c8-a3d8-41c2-854d-ae7f3fd39063}</UniqueIdentifier>
    </Filter>
    <Filter Include="BurgerEngine\Data\Materials">
      <UniqueIdentifier>{8e9c4298-7d5f-4ee5-adeb-85b4bbda4162}</UniqueIdentifier>
    </Filter>
    <Filter Include="BurgerEngine\External\GLFont">
      <UniqueIdentifier>{fabbe29f-086e-4748-955a-20e26f0cd0aa}</UniqueIdentifier>
    </Filter>
    <Filter Include="BurgerEngine\Core\Timer">
      <UniqueIdentifier>{54b98ab8-d31b-4d13-bc12-2ed8e3a44ac5}</UniqueIdentifier>
    </Filter>
    <Filter Include="BurgerEngine\Data\Materials\Prison">
      <UniqueIdentifier>{cf55197a-56b0-45ee-a510-69bede93c02e}</UniqueIdentifier>
    </Filter>
    <Filter Include="BurgerEngine\Data\Materials\test_dof">
      <UniqueIdentifier>{993cc7bf-4915-401e-9cb8-7b74e9f23c13}</UniqueIdentifier>
    </Filter>
    <Filter Include="BurgerEngine\Data\Shaders\Engine">
      <UniqueIdentifier>{f582ca8e-3ce2-4dd4-98a7-54f6d80f7619}</UniqueIdentifier>
    </Filter>
    <Filter Include="BurgerEngine\Data\Shaders\Material">
      <UniqueIdentifier>{3bf9a64e-8f42-4f65-a220-107ec262c01b}</UniqueIdentifier>
    </Filter>
  </ItemGroup>
  <ItemGroup>
    <None Include="..\Data\Scenes\prison.xml">
      <Filter>BurgerEngine\Data\Scenes</Filter>
    </None>
    <None Include="..\Data\Materials\prison\boneDiffuse.xml">
      <Filter>BurgerEngine\Data\Materials\Prison</Filter>
    </None>
    <None Include="..\Data\Materials\prison\crateDiffuseBump.xml">
      <Filter>BurgerEngine\Data\Materials\Prison</Filter>
    </None>
    <None Include="..\Data\Materials\prison\rustDiffuseBump.xml">
      <Filter>BurgerEngine\Data\Materials\Prison</Filter>
    </None>
    <None Include="..\Data\Materials\prison\stoneFloorDiffuseBump.xml">
      <Filter>BurgerEngine\Data\Materials\Prison</Filter>
    </None>
    <None Include="..\Data\Materials\prison\stoneWallDiffuseBump.xml">
      <Filter>BurgerEngine\Data\Materials\Prison</Filter>
    </None>
    <None Include="..\Data\Materials\prison\woodDiffuseBump.xml">
      <Filter>BurgerEngine\Data\Materials\Prison</Filter>
    </None>
    <None Include="..\Data\Materials\prison\brightWhite.xml">
      <Filter>BurgerEngine\Data\Materials\Prison</Filter>
    </None>
    <None Include="..\Data\Scenes\test_dof.xml">
      <Filter>BurgerEngine\Data\Scenes</Filter>
    </None>
    <None Include="..\Data\Materials\test_dof\floorDiffuseBump.xml">
      <Filter>BurgerEngine\Data\Materials\test_dof</Filter>
    </None>
    <None Include="..\Data\Shaders\Engine\AvgLumFinal.frag">
      <Filter>BurgerEngine\Data\Shaders\Engine</Filter>
    </None>
    <None Include="..\Data\Shaders\Engine\AvgLumInit.frag">
      <Filter>BurgerEngine\Data\Shaders\Engine</Filter>
    </None>
    <None Include="..\Data\Shaders\Engine\BrightPass.frag">
      <Filter>BurgerEngine\Data\Shaders\Engine</Filter>
    </None>
    <None Include="..\Data\Shaders\Engine\DownSample4x4.frag">
      <Filter>BurgerEngine\Data\Shaders\Engine</Filter>
    </None>
    <None Include="..\Data\Shaders\Engine\GaussianBlur10.frag">
      <Filter>BurgerEngine\Data\Shaders\Engine</Filter>
    </None>
    <None Include="..\Data\Shaders\Engine\GaussianBlur6.frag">
      <Filter>BurgerEngine\Data\Shaders\Engine</Filter>
    </None>
    <None Include="..\Data\Shaders\Engine\LightAdaptation.frag">
      <Filter>BurgerEngine\Data\Shaders\Engine</Filter>
    </None>
    <None Include="..\Data\Shaders\Engine\OmniLight.frag">
      <Filter>BurgerEngine\Data\Shaders\Engine</Filter>
    </None>
    <None Include="..\Data\Shaders\Engine\OmniLight.vert">
      <Filter>BurgerEngine\Data\Shaders\Engine</Filter>
    </None>
    <None Include="..\Data\Shaders\Engine\SpotLight.frag">
      <Filter>BurgerEngine\Data\Shaders\Engine</Filter>
    </None>
    <None Include="..\Data\Shaders\Engine\SpotLight.vert">
      <Filter>BurgerEngine\Data\Shaders\Engine</Filter>
    </None>
    <None Include="..\Data\Shaders\Engine\SpotShadow.frag">
      <Filter>BurgerEngine\Data\Shaders\Engine</Filter>
    </None>
    <None Include="..\Data\Shaders\Engine\SpotShadow.vert">
      <Filter>BurgerEngine\Data\Shaders\Engine</Filter>
    </None>
    <None Include="..\Data\Shaders\Engine\ToneMapping.frag">
      <Filter>BurgerEngine\Data\Shaders\Engine</Filter>
    </None>
    <None Include="..\Data\Shaders\Engine\VarianceShadowMap.frag">
      <Filter>BurgerEngine\Data\Shaders\Engine</Filter>
    </None>
    <None Include="..\Data\Shaders\Engine\VarianceShadowMap.vert">
      <Filter>BurgerEngine\Data\Shaders\Engine</Filter>
    </None>
    <None Include="..\Data\Shaders\Material\BasicSelfIllum.frag">
      <Filter>BurgerEngine\Data\Shaders\Material</Filter>
    </None>
    <None Include="..\Data\Shaders\Material\DiffuseSpec.frag">
      <Filter>BurgerEngine\Data\Shaders\Material</Filter>
    </None>
    <None Include="..\Data\Shaders\Material\DiffuseSpecStrength.frag">
      <Filter>BurgerEngine\Data\Shaders\Material</Filter>
    </None>
    <None Include="..\Data\Shaders\Material\FillGBufferBasic.frag">
      <Filter>BurgerEngine\Data\Shaders\Material</Filter>
    </None>
    <None Include="..\Data\Shaders\Material\FillGBufferBasic.vert">
      <Filter>BurgerEngine\Data\Shaders\Material</Filter>
    </None>
    <None Include="..\Data\Shaders\Material\FillGBufferNormalMap.frag">
      <Filter>BurgerEngine\Data\Shaders\Material</Filter>
    </None>
    <None Include="..\Data\Shaders\Material\FillGBufferNormalMap.vert">
      <Filter>BurgerEngine\Data\Shaders\Material</Filter>
    </None>
    <None Include="..\Data\Shaders\BasicPixelShader.frag">
      <Filter>BurgerEngine\Data\Shaders</Filter>
    </None>
    <None Include="..\Data\Shaders\BasicVertexShader.vert">
      <Filter>BurgerEngine\Data\Shaders</Filter>
    </None>
    <None Include="..\Data\Shaders\BasicVertexShaderTile.vert">
      <Filter>BurgerEngine\Data\Shaders</Filter>
    </None>
  </ItemGroup>
</Project>